{
  "name": "snake.ts",
  "version": "1.0.0",
  "lockfileVersion": 1,
  "requires": true,
  "dependencies": {
    "@types/blessed": {
      "version": "0.1.11",
      "resolved": "https://registry.npmjs.org/@types/blessed/-/blessed-0.1.11.tgz",
      "integrity": "sha512-XplTXUREKwCmUliffPd82ugLzkVZSIrpL80iouo89XT0SupvRsUsTzAENtQ8bJQbxWbJ9KPH/JA0ENEPBmssjg==",
      "dev": true,
      "requires": {
        "@types/node": "*"
      }
    },
    "@types/node": {
      "version": "11.13.0",
      "resolved": "https://registry.npmjs.org/@types/node/-/node-11.13.0.tgz",
      "integrity": "sha512-rx29MMkRdVmzunmiA4lzBYJNnXsW/PhG4kMBy2ATsYaDjGGR75dCFEVVROKpNwlVdcUX3xxlghKQOeDPBJobng==",
      "dev": true
    },
    "blessed": {
      "version": "0.1.81",
      "resolved": "https://registry.npmjs.org/blessed/-/blessed-0.1.81.tgz",
      "integrity": "sha1-+WLWh+wsNpVwrnGvhDJW5tDKESk=",
      "dev": true
    }
  }
}
